
Microsoft Visual Studio Solution File, Format Version 12.00
# Visual Studio 14
VisualStudioVersion = 14.0.25420.1
MinimumVisualStudioVersion = 10.0.40219.1
Project("{8BC9CEB8-8B4A-11D0-8D11-00A0C91BC942}") = "bootloader", ".vs\msvc\bootloader.vcxproj", "{DFA0BA98-D0BA-4176-9A34-B5BA6355B1DE}"
	ProjectSection(ProjectDependencies) = postProject
		{3135D563-9596-4584-9ED6-616ADEC52974} = {3135D563-9596-4584-9ED6-616ADEC52974}
	EndProjectSection
EndProject
Project("{8BC9CEB8-8B4A-11D0-8D11-00A0C91BC942}") = "gnu-efi", ".vs\msvc\gnu-efi.vcxproj", "{3135D563-9596-4584-9ED6-616ADEC52974}"
EndProject
Project("{2150E333-8FDC-42A3-9474-1A3956D46DE8}") = "external", "external", "{DDA268B8-DB5A-4743-861B-5435F33AE9BE}"
EndProject
Project("{2150E333-8FDC-42A3-9474-1A3956D46DE8}") = "windows", "windows", "{44B26A95-5D2E-4F62-B5E0-C1952146F250}"
	ProjectSection(SolutionItems) = preProject
		external\windows\types.h = external\windows\types.h
		external\windows\winnt.h = external\windows\winnt.h
	EndProjectSection
EndProject
Project("{8BC9CEB8-8B4A-11D0-8D11-00A0C91BC942}") = "Kernel", ".vs\msvc\Kernel.vcxproj", "{E8B98251-EA62-4FCA-A04C-95C5FF5CBCB3}"
EndProject
Global
	GlobalSection(SolutionConfigurationPlatforms) = preSolution
		Debug|x64 = Debug|x64
		Debug|x86 = Debug|x86
		Release|x64 = Release|x64
		Release|x86 = Release|x86
	EndGlobalSection
	GlobalSection(ProjectConfigurationPlatforms) = postSolution
		{DFA0BA98-D0BA-4176-9A34-B5BA6355B1DE}.Debug|x64.ActiveCfg = Debug|x64
		{DFA0BA98-D0BA-4176-9A34-B5BA6355B1DE}.Debug|x64.Build.0 = Debug|x64
		{DFA0BA98-D0BA-4176-9A34-B5BA6355B1DE}.Debug|x86.ActiveCfg = Debug|Win32
		{DFA0BA98-D0BA-4176-9A34-B5BA6355B1DE}.Debug|x86.Build.0 = Debug|Win32
		{DFA0BA98-D0BA-4176-9A34-B5BA6355B1DE}.Release|x64.ActiveCfg = Release|x64
		{DFA0BA98-D0BA-4176-9A34-B5BA6355B1DE}.Release|x64.Build.0 = Release|x64
		{DFA0BA98-D0BA-4176-9A34-B5BA6355B1DE}.Release|x86.ActiveCfg = Release|Win32
		{DFA0BA98-D0BA-4176-9A34-B5BA6355B1DE}.Release|x86.Build.0 = Release|Win32
		{3135D563-9596-4584-9ED6-616ADEC52974}.Debug|x64.ActiveCfg = Debug|x64
		{3135D563-9596-4584-9ED6-616ADEC52974}.Debug|x64.Build.0 = Debug|x64
		{3135D563-9596-4584-9ED6-616ADEC52974}.Debug|x86.ActiveCfg = Debug|Win32
		{3135D563-9596-4584-9ED6-616ADEC52974}.Debug|x86.Build.0 = Debug|Win32
		{3135D563-9596-4584-9ED6-616ADEC52974}.Release|x64.ActiveCfg = Release|x64
		{3135D563-9596-4584-9ED6-616ADEC52974}.Release|x64.Build.0 = Release|x64
		{3135D563-9596-4584-9ED6-616ADEC52974}.Release|x86.ActiveCfg = Release|Win32
		{3135D563-9596-4584-9ED6-616ADEC52974}.Release|x86.Build.0 = Release|Win32
		{E8B98251-EA62-4FCA-A04C-95C5FF5CBCB3}.Debug|x64.ActiveCfg = Debug|x64
		{E8B98251-EA62-4FCA-A04C-95C5FF5CBCB3}.Debug|x64.Build.0 = Debug|x64
		{E8B98251-EA62-4FCA-A04C-95C5FF5CBCB3}.Debug|x86.ActiveCfg = Debug|Win32
		{E8B98251-EA62-4FCA-A04C-95C5FF5CBCB3}.Debug|x86.Build.0 = Debug|Win32
		{E8B98251-EA62-4FCA-A04C-95C5FF5CBCB3}.Release|x64.ActiveCfg = Release|x64
		{E8B98251-EA62-4FCA-A04C-95C5FF5CBCB3}.Release|x64.Build.0 = Release|x64
		{E8B98251-EA62-4FCA-A04C-95C5FF5CBCB3}.Release|x86.ActiveCfg = Release|Win32
		{E8B98251-EA62-4FCA-A04C-95C5FF5CBCB3}.Release|x86.Build.0 = Release|Win32
	EndGlobalSection
	GlobalSection(SolutionProperties) = preSolution
		HideSolutionNode = FALSE
	EndGlobalSection
	GlobalSection(NestedProjects) = preSolution
		{44B26A95-5D2E-4F62-B5E0-C1952146F250} = {DDA268B8-DB5A-4743-861B-5435F33AE9BE}
	EndGlobalSection
	GlobalSection(ExtensibilityGlobals) = postSolution
		SolutionGuid = {376E6530-5878-4CF4-AFB7-123F799056A2}
	EndGlobalSection
EndGlobal
