Microsoft Visual Studio Solution File, Format Version 12.00
# Visual Studio 14
VisualStudioVersion = 14.0.25420.1
MinimumVisualStudioVersion = 10.0.40219.1
Project("{8BC9CEB8-8B4A-11D0-8D11-00A0C91BC942}") = "Kernel", "base\krnl\Kernel.vcxproj", "{6EE5A039-91F9-4829-B832-C827DD333DAA}"
EndProject
Project("{8BC9CEB8-8B4A-11D0-8D11-00A0C91BC942}") = "efilib", "gnu-efi\.vs\efilib.vcxproj", "{3135D563-9596-4584-9ED6-616ADEC52974}"
EndProject
Project("{8BC9CEB8-8B4A-11D0-8D11-00A0C91BC942}") = "Bootloader", "base\boot\Bootloader.vcxproj", "{F9A9669F-CA36-4DC3-8A25-BAAEA0FC2DE7}"
EndProject
Global
	GlobalSection(SolutionConfigurationPlatforms) = preSolution
		Debug|aa64 = Debug|aa64
		Debug|arm = Debug|arm
		Debug|ARM64 = Debug|ARM64
		Debug|ia32 = Debug|ia32
		Debug|x64 = Debug|x64
		Debug|x86 = Debug|x86
		Release|aa64 = Release|aa64
		Release|arm = Release|arm
		Release|ARM64 = Release|ARM64
		Release|ia32 = Release|ia32
		Release|x64 = Release|x64
		Release|x86 = Release|x86
	EndGlobalSection
	GlobalSection(ProjectConfigurationPlatforms) = postSolution
		{6EE5A039-91F9-4829-B832-C827DD333DAA}.Debug|aa64.ActiveCfg = Debug|Win32
		{6EE5A039-91F9-4829-B832-C827DD333DAA}.Debug|arm.ActiveCfg = Debug|Win32
		{6EE5A039-91F9-4829-B832-C827DD333DAA}.Debug|ARM64.ActiveCfg = Debug|Win32
		{6EE5A039-91F9-4829-B832-C827DD333DAA}.Debug|ia32.ActiveCfg = Debug|Win32
		{6EE5A039-91F9-4829-B832-C827DD333DAA}.Debug|x64.ActiveCfg = Debug|x64
		{6EE5A039-91F9-4829-B832-C827DD333DAA}.Debug|x64.Build.0 = Debug|x64
		{6EE5A039-91F9-4829-B832-C827DD333DAA}.Debug|x86.ActiveCfg = Debug|Win32
		{6EE5A039-91F9-4829-B832-C827DD333DAA}.Debug|x86.Build.0 = Debug|Win32
		{6EE5A039-91F9-4829-B832-C827DD333DAA}.Release|aa64.ActiveCfg = Release|Win32
		{6EE5A039-91F9-4829-B832-C827DD333DAA}.Release|arm.ActiveCfg = Release|Win32
		{6EE5A039-91F9-4829-B832-C827DD333DAA}.Release|ARM64.ActiveCfg = Release|Win32
		{6EE5A039-91F9-4829-B832-C827DD333DAA}.Release|ia32.ActiveCfg = Release|Win32
		{6EE5A039-91F9-4829-B832-C827DD333DAA}.Release|x64.ActiveCfg = Release|x64
		{6EE5A039-91F9-4829-B832-C827DD333DAA}.Release|x64.Build.0 = Release|x64
		{6EE5A039-91F9-4829-B832-C827DD333DAA}.Release|x86.ActiveCfg = Release|Win32
		{6EE5A039-91F9-4829-B832-C827DD333DAA}.Release|x86.Build.0 = Release|Win32
		{3135D563-9596-4584-9ED6-616ADEC52974}.Debug|aa64.ActiveCfg = Debug|ARM64
		{3135D563-9596-4584-9ED6-616ADEC52974}.Debug|aa64.Build.0 = Debug|ARM64
		{3135D563-9596-4584-9ED6-616ADEC52974}.Debug|arm.ActiveCfg = Debug|ARM
		{3135D563-9596-4584-9ED6-616ADEC52974}.Debug|arm.Build.0 = Debug|ARM
		{3135D563-9596-4584-9ED6-616ADEC52974}.Debug|ARM64.ActiveCfg = Debug|ARM64
		{3135D563-9596-4584-9ED6-616ADEC52974}.Debug|ARM64.Build.0 = Debug|ARM64
		{3135D563-9596-4584-9ED6-616ADEC52974}.Debug|ia32.ActiveCfg = Debug|Win32
		{3135D563-9596-4584-9ED6-616ADEC52974}.Debug|ia32.Build.0 = Debug|Win32
		{3135D563-9596-4584-9ED6-616ADEC52974}.Debug|x64.ActiveCfg = Debug|x64
		{3135D563-9596-4584-9ED6-616ADEC52974}.Debug|x64.Build.0 = Debug|x64
		{3135D563-9596-4584-9ED6-616ADEC52974}.Debug|x86.ActiveCfg = Debug|Win32
		{3135D563-9596-4584-9ED6-616ADEC52974}.Debug|x86.Build.0 = Debug|Win32
		{3135D563-9596-4584-9ED6-616ADEC52974}.Release|aa64.ActiveCfg = Release|ARM64
		{3135D563-9596-4584-9ED6-616ADEC52974}.Release|aa64.Build.0 = Release|ARM64
		{3135D563-9596-4584-9ED6-616ADEC52974}.Release|arm.ActiveCfg = Release|ARM
		{3135D563-9596-4584-9ED6-616ADEC52974}.Release|arm.Build.0 = Release|ARM
		{3135D563-9596-4584-9ED6-616ADEC52974}.Release|ARM64.ActiveCfg = Release|ARM64
		{3135D563-9596-4584-9ED6-616ADEC52974}.Release|ARM64.Build.0 = Release|ARM64
		{3135D563-9596-4584-9ED6-616ADEC52974}.Release|ia32.ActiveCfg = Release|Win32
		{3135D563-9596-4584-9ED6-616ADEC52974}.Release|ia32.Build.0 = Release|Win32
		{3135D563-9596-4584-9ED6-616ADEC52974}.Release|x64.ActiveCfg = Release|x64
		{3135D563-9596-4584-9ED6-616ADEC52974}.Release|x64.Build.0 = Release|x64
		{3135D563-9596-4584-9ED6-616ADEC52974}.Release|x86.ActiveCfg = Release|Win32
		{3135D563-9596-4584-9ED6-616ADEC52974}.Release|x86.Build.0 = Release|Win32
		{F9A9669F-CA36-4DC3-8A25-BAAEA0FC2DE7}.Debug|aa64.ActiveCfg = Debug|Win32
		{F9A9669F-CA36-4DC3-8A25-BAAEA0FC2DE7}.Debug|arm.ActiveCfg = Debug|Win32
		{F9A9669F-CA36-4DC3-8A25-BAAEA0FC2DE7}.Debug|ARM64.ActiveCfg = Debug|Win32
		{F9A9669F-CA36-4DC3-8A25-BAAEA0FC2DE7}.Debug|ia32.ActiveCfg = Debug|Win32
		{F9A9669F-CA36-4DC3-8A25-BAAEA0FC2DE7}.Debug|x64.ActiveCfg = Debug|x64
		{F9A9669F-CA36-4DC3-8A25-BAAEA0FC2DE7}.Debug|x64.Build.0 = Debug|x64
		{F9A9669F-CA36-4DC3-8A25-BAAEA0FC2DE7}.Debug|x86.ActiveCfg = Debug|Win32
		{F9A9669F-CA36-4DC3-8A25-BAAEA0FC2DE7}.Debug|x86.Build.0 = Debug|Win32
		{F9A9669F-CA36-4DC3-8A25-BAAEA0FC2DE7}.Release|aa64.ActiveCfg = Release|Win32
		{F9A9669F-CA36-4DC3-8A25-BAAEA0FC2DE7}.Release|arm.ActiveCfg = Release|Win32
		{F9A9669F-CA36-4DC3-8A25-BAAEA0FC2DE7}.Release|ARM64.ActiveCfg = Release|Win32
		{F9A9669F-CA36-4DC3-8A25-BAAEA0FC2DE7}.Release|ia32.ActiveCfg = Release|Win32
		{F9A9669F-CA36-4DC3-8A25-BAAEA0FC2DE7}.Release|x64.ActiveCfg = Release|x64
		{F9A9669F-CA36-4DC3-8A25-BAAEA0FC2DE7}.Release|x64.Build.0 = Release|x64
		{F9A9669F-CA36-4DC3-8A25-BAAEA0FC2DE7}.Release|x86.ActiveCfg = Release|Win32
		{F9A9669F-CA36-4DC3-8A25-BAAEA0FC2DE7}.Release|x86.Build.0 = Release|Win32
	EndGlobalSection
	GlobalSection(SolutionProperties) = preSolution
		HideSolutionNode = FALSE
	EndGlobalSection
	GlobalSection(ExtensibilityGlobals) = postSolution
		SolutionGuid = {376E6530-5878-4CF4-AFB7-123F799056A2}
	EndGlobalSection
EndGlobal
